
Microsoft Visual Studio Solution File, Format Version 12.00
# Visual Studio Version 17
VisualStudioVersion = 17.7.34024.191
MinimumVisualStudioVersion = 10.0.40219.1
Project("{FAE04EC0-301F-11D3-BF4B-00C04F79EFBC}") = "MauiApp4", "MauiApp4.csproj", "{4C2A0F8C-E790-4B6E-820B-0B78469D3B5D}"
EndProject
Global
	GlobalSection(SolutionConfigurationPlatforms) = preSolution
		Debug|Any CPU = Debug|Any CPU
		Release|Any CPU = Release|Any CPU
	EndGlobalSection
	GlobalSection(ProjectConfigurationPlatforms) = postSolution
		{4C2A0F8C-E790-4B6E-820B-0B78469D3B5D}.Debug|Any CPU.ActiveCfg = Debug|Any CPU
		{4C2A0F8C-E790-4B6E-820B-0B78469D3B5D}.Debug|Any CPU.Build.0 = Debug|Any CPU
		{4C2A0F8C-E790-4B6E-820B-0B78469D3B5D}.Debug|Any CPU.Deploy.0 = Debug|Any CPU
		{4C2A0F8C-E790-4B6E-820B-0B78469D3B5D}.Release|Any CPU.ActiveCfg = Release|Any CPU
		{4C2A0F8C-E790-4B6E-820B-0B78469D3B5D}.Release|Any CPU.Build.0 = Release|Any CPU
		{4C2A0F8C-E790-4B6E-820B-0B78469D3B5D}.Release|Any CPU.Deploy.0 = Release|Any CPU
	EndGlobalSection
	GlobalSection(SolutionProperties) = preSolution
		HideSolutionNode = FALSE
	EndGlobalSection
	GlobalSection(ExtensibilityGlobals) = postSolution
		SolutionGuid = {D28A8067-8E19-42A1-918B-5C7F02E20A5F}
	EndGlobalSection
EndGlobal
